
Microsoft Visual Studio Solution File, Format Version 12.00
# Visual Studio 14
VisualStudioVersion = 14.0.22609.0
MinimumVisualStudioVersion = 10.0.40219.1
Project("{FAE04EC0-301F-11D3-BF4B-00C04F79EFBC}") = "SQLiteTestingGrounds", "SQLiteTestingGrounds\SQLiteTestingGrounds.csproj", "{ADCCBC4F-BEBD-4F8D-BD7E-486287C85B10}"
EndProject
Project("{FAE04EC0-301F-11D3-BF4B-00C04F79EFBC}") = "TestingGrounds.Core", "TestingGrounds.Core\TestingGrounds.Core.csproj", "{AF282949-80F3-48EC-AC4A-4292015ABCD8}"
EndProject
Global
	GlobalSection(SolutionConfigurationPlatforms) = preSolution
		Debug|Any CPU = Debug|Any CPU
		Release|Any CPU = Release|Any CPU
	EndGlobalSection
	GlobalSection(ProjectConfigurationPlatforms) = postSolution
		{ADCCBC4F-BEBD-4F8D-BD7E-486287C85B10}.Debug|Any CPU.ActiveCfg = Debug|Any CPU
		{ADCCBC4F-BEBD-4F8D-BD7E-486287C85B10}.Debug|Any CPU.Build.0 = Debug|Any CPU
		{ADCCBC4F-BEBD-4F8D-BD7E-486287C85B10}.Release|Any CPU.ActiveCfg = Release|Any CPU
		{ADCCBC4F-BEBD-4F8D-BD7E-486287C85B10}.Release|Any CPU.Build.0 = Release|Any CPU
		{AF282949-80F3-48EC-AC4A-4292015ABCD8}.Debug|Any CPU.ActiveCfg = Debug|Any CPU
		{AF282949-80F3-48EC-AC4A-4292015ABCD8}.Debug|Any CPU.Build.0 = Debug|Any CPU
		{AF282949-80F3-48EC-AC4A-4292015ABCD8}.Release|Any CPU.ActiveCfg = Release|Any CPU
		{AF282949-80F3-48EC-AC4A-4292015ABCD8}.Release|Any CPU.Build.0 = Release|Any CPU
	EndGlobalSection
	GlobalSection(SolutionProperties) = preSolution
		HideSolutionNode = FALSE
	EndGlobalSection
EndGlobal
